
Microsoft Visual Studio Solution File, Format Version 12.00
# Visual Studio Version 16
VisualStudioVersion = 16.0.31515.178
MinimumVisualStudioVersion = 10.0.40219.1
Project("{FAE04EC0-301F-11D3-BF4B-00C04F79EFBC}") = "Quiz Show", "Quiz Show\Quiz Show.csproj", "{01D2959C-A6C9-4992-B1BF-135C29741A4C}"
EndProject
Global
	GlobalSection(SolutionConfigurationPlatforms) = preSolution
		Debug|Any CPU = Debug|Any CPU
		Release|Any CPU = Release|Any CPU
	EndGlobalSection
	GlobalSection(ProjectConfigurationPlatforms) = postSolution
		{01D2959C-A6C9-4992-B1BF-135C29741A4C}.Debug|Any CPU.ActiveCfg = Debug|Any CPU
		{01D2959C-A6C9-4992-B1BF-135C29741A4C}.Debug|Any CPU.Build.0 = Debug|Any CPU
		{01D2959C-A6C9-4992-B1BF-135C29741A4C}.Release|Any CPU.ActiveCfg = Release|Any CPU
		{01D2959C-A6C9-4992-B1BF-135C29741A4C}.Release|Any CPU.Build.0 = Release|Any CPU
	EndGlobalSection
	GlobalSection(SolutionProperties) = preSolution
		HideSolutionNode = FALSE
	EndGlobalSection
	GlobalSection(ExtensibilityGlobals) = postSolution
		SolutionGuid = {029A2263-8056-42E6-A571-04A9C44C46BC}
	EndGlobalSection
EndGlobal
